
Microsoft Visual Studio Solution File, Format Version 12.00
# Visual Studio Version 16
VisualStudioVersion = 16.6.30114.105
MinimumVisualStudioVersion = 10.0.40219.1
Project("{2150E333-8FDC-42A3-9474-1A3956D46DE8}") = "Core", "Core", "{2A0E11FC-58CA-4393-99AC-9058E00B06BB}"
EndProject
Project("{FAE04EC0-301F-11D3-BF4B-00C04F79EFBC}") = "Pamola.NET", "Core\Source\Pamola.NET.csproj", "{BAE9A2AE-F085-40EE-9385-8E443CB973F2}"
EndProject
Project("{FAE04EC0-301F-11D3-BF4B-00C04F79EFBC}") = "Pamola.NET.UT", "Core\Tests\Pamola.NET.UT.csproj", "{CF2709DE-7D8C-450F-80DB-345C2FD83DF8}"
EndProject
Project("{2150E333-8FDC-42A3-9474-1A3956D46DE8}") = "Solvers", "Solvers", "{ABDEEFF1-B45D-4B30-A96F-3A6D4E692FFD}"
EndProject
Project("{FAE04EC0-301F-11D3-BF4B-00C04F79EFBC}") = "Pamola.Solvers", "Solvers\Source\Pamola.Solvers.csproj", "{3D02F832-EFAC-489A-BBAC-33D49FE786B6}"
EndProject
Project("{FAE04EC0-301F-11D3-BF4B-00C04F79EFBC}") = "Pamola.Solvers.UT", "Solvers\Tests\Pamola.Solvers.UT.csproj", "{976A6EFC-150B-4E81-812C-10343C1091D6}"
EndProject
Project("{2150E333-8FDC-42A3-9474-1A3956D46DE8}") = "Transient", "Transient", "{E849EB5C-AC61-49B3-B566-663B8FC55FC3}"
EndProject
Project("{FAE04EC0-301F-11D3-BF4B-00C04F79EFBC}") = "Pamola.Transient", "Transient\Source\Pamola.Transient.csproj", "{9D6D1ABC-EA2F-4EBC-B807-09F57EF9EF1E}"
EndProject
Project("{FAE04EC0-301F-11D3-BF4B-00C04F79EFBC}") = "Pamola.Transient.UT", "Transient\Tests\Pamola.Transient.UT.csproj", "{D307931E-D019-4536-A126-9C3E29E1F845}"
EndProject
Global
	GlobalSection(SolutionConfigurationPlatforms) = preSolution
		Debug|Any CPU = Debug|Any CPU
		Debug|x64 = Debug|x64
		Debug|x86 = Debug|x86
		Release|Any CPU = Release|Any CPU
		Release|x64 = Release|x64
		Release|x86 = Release|x86
	EndGlobalSection
	GlobalSection(SolutionProperties) = preSolution
		HideSolutionNode = FALSE
	EndGlobalSection
	GlobalSection(ProjectConfigurationPlatforms) = postSolution
		{BAE9A2AE-F085-40EE-9385-8E443CB973F2}.Debug|Any CPU.ActiveCfg = Debug|Any CPU
		{BAE9A2AE-F085-40EE-9385-8E443CB973F2}.Debug|Any CPU.Build.0 = Debug|Any CPU
		{BAE9A2AE-F085-40EE-9385-8E443CB973F2}.Debug|x64.ActiveCfg = Debug|Any CPU
		{BAE9A2AE-F085-40EE-9385-8E443CB973F2}.Debug|x64.Build.0 = Debug|Any CPU
		{BAE9A2AE-F085-40EE-9385-8E443CB973F2}.Debug|x86.ActiveCfg = Debug|Any CPU
		{BAE9A2AE-F085-40EE-9385-8E443CB973F2}.Debug|x86.Build.0 = Debug|Any CPU
		{BAE9A2AE-F085-40EE-9385-8E443CB973F2}.Release|Any CPU.ActiveCfg = Release|Any CPU
		{BAE9A2AE-F085-40EE-9385-8E443CB973F2}.Release|Any CPU.Build.0 = Release|Any CPU
		{BAE9A2AE-F085-40EE-9385-8E443CB973F2}.Release|x64.ActiveCfg = Release|Any CPU
		{BAE9A2AE-F085-40EE-9385-8E443CB973F2}.Release|x64.Build.0 = Release|Any CPU
		{BAE9A2AE-F085-40EE-9385-8E443CB973F2}.Release|x86.ActiveCfg = Release|Any CPU
		{BAE9A2AE-F085-40EE-9385-8E443CB973F2}.Release|x86.Build.0 = Release|Any CPU
		{CF2709DE-7D8C-450F-80DB-345C2FD83DF8}.Debug|Any CPU.ActiveCfg = Debug|Any CPU
		{CF2709DE-7D8C-450F-80DB-345C2FD83DF8}.Debug|Any CPU.Build.0 = Debug|Any CPU
		{CF2709DE-7D8C-450F-80DB-345C2FD83DF8}.Debug|x64.ActiveCfg = Debug|Any CPU
		{CF2709DE-7D8C-450F-80DB-345C2FD83DF8}.Debug|x64.Build.0 = Debug|Any CPU
		{CF2709DE-7D8C-450F-80DB-345C2FD83DF8}.Debug|x86.ActiveCfg = Debug|Any CPU
		{CF2709DE-7D8C-450F-80DB-345C2FD83DF8}.Debug|x86.Build.0 = Debug|Any CPU
		{CF2709DE-7D8C-450F-80DB-345C2FD83DF8}.Release|Any CPU.ActiveCfg = Release|Any CPU
		{CF2709DE-7D8C-450F-80DB-345C2FD83DF8}.Release|Any CPU.Build.0 = Release|Any CPU
		{CF2709DE-7D8C-450F-80DB-345C2FD83DF8}.Release|x64.ActiveCfg = Release|Any CPU
		{CF2709DE-7D8C-450F-80DB-345C2FD83DF8}.Release|x64.Build.0 = Release|Any CPU
		{CF2709DE-7D8C-450F-80DB-345C2FD83DF8}.Release|x86.ActiveCfg = Release|Any CPU
		{CF2709DE-7D8C-450F-80DB-345C2FD83DF8}.Release|x86.Build.0 = Release|Any CPU
		{3D02F832-EFAC-489A-BBAC-33D49FE786B6}.Debug|Any CPU.ActiveCfg = Debug|Any CPU
		{3D02F832-EFAC-489A-BBAC-33D49FE786B6}.Debug|Any CPU.Build.0 = Debug|Any CPU
		{3D02F832-EFAC-489A-BBAC-33D49FE786B6}.Debug|x64.ActiveCfg = Debug|Any CPU
		{3D02F832-EFAC-489A-BBAC-33D49FE786B6}.Debug|x64.Build.0 = Debug|Any CPU
		{3D02F832-EFAC-489A-BBAC-33D49FE786B6}.Debug|x86.ActiveCfg = Debug|Any CPU
		{3D02F832-EFAC-489A-BBAC-33D49FE786B6}.Debug|x86.Build.0 = Debug|Any CPU
		{3D02F832-EFAC-489A-BBAC-33D49FE786B6}.Release|Any CPU.ActiveCfg = Release|Any CPU
		{3D02F832-EFAC-489A-BBAC-33D49FE786B6}.Release|Any CPU.Build.0 = Release|Any CPU
		{3D02F832-EFAC-489A-BBAC-33D49FE786B6}.Release|x64.ActiveCfg = Release|Any CPU
		{3D02F832-EFAC-489A-BBAC-33D49FE786B6}.Release|x64.Build.0 = Release|Any CPU
		{3D02F832-EFAC-489A-BBAC-33D49FE786B6}.Release|x86.ActiveCfg = Release|Any CPU
		{3D02F832-EFAC-489A-BBAC-33D49FE786B6}.Release|x86.Build.0 = Release|Any CPU
		{976A6EFC-150B-4E81-812C-10343C1091D6}.Debug|Any CPU.ActiveCfg = Debug|Any CPU
		{976A6EFC-150B-4E81-812C-10343C1091D6}.Debug|Any CPU.Build.0 = Debug|Any CPU
		{976A6EFC-150B-4E81-812C-10343C1091D6}.Debug|x64.ActiveCfg = Debug|Any CPU
		{976A6EFC-150B-4E81-812C-10343C1091D6}.Debug|x64.Build.0 = Debug|Any CPU
		{976A6EFC-150B-4E81-812C-10343C1091D6}.Debug|x86.ActiveCfg = Debug|Any CPU
		{976A6EFC-150B-4E81-812C-10343C1091D6}.Debug|x86.Build.0 = Debug|Any CPU
		{976A6EFC-150B-4E81-812C-10343C1091D6}.Release|Any CPU.ActiveCfg = Release|Any CPU
		{976A6EFC-150B-4E81-812C-10343C1091D6}.Release|Any CPU.Build.0 = Release|Any CPU
		{976A6EFC-150B-4E81-812C-10343C1091D6}.Release|x64.ActiveCfg = Release|Any CPU
		{976A6EFC-150B-4E81-812C-10343C1091D6}.Release|x64.Build.0 = Release|Any CPU
		{976A6EFC-150B-4E81-812C-10343C1091D6}.Release|x86.ActiveCfg = Release|Any CPU
		{976A6EFC-150B-4E81-812C-10343C1091D6}.Release|x86.Build.0 = Release|Any CPU
		{9D6D1ABC-EA2F-4EBC-B807-09F57EF9EF1E}.Debug|Any CPU.ActiveCfg = Debug|Any CPU
		{9D6D1ABC-EA2F-4EBC-B807-09F57EF9EF1E}.Debug|Any CPU.Build.0 = Debug|Any CPU
		{9D6D1ABC-EA2F-4EBC-B807-09F57EF9EF1E}.Debug|x64.ActiveCfg = Debug|Any CPU
		{9D6D1ABC-EA2F-4EBC-B807-09F57EF9EF1E}.Debug|x64.Build.0 = Debug|Any CPU
		{9D6D1ABC-EA2F-4EBC-B807-09F57EF9EF1E}.Debug|x86.ActiveCfg = Debug|Any CPU
		{9D6D1ABC-EA2F-4EBC-B807-09F57EF9EF1E}.Debug|x86.Build.0 = Debug|Any CPU
		{9D6D1ABC-EA2F-4EBC-B807-09F57EF9EF1E}.Release|Any CPU.ActiveCfg = Release|Any CPU
		{9D6D1ABC-EA2F-4EBC-B807-09F57EF9EF1E}.Release|Any CPU.Build.0 = Release|Any CPU
		{9D6D1ABC-EA2F-4EBC-B807-09F57EF9EF1E}.Release|x64.ActiveCfg = Release|Any CPU
		{9D6D1ABC-EA2F-4EBC-B807-09F57EF9EF1E}.Release|x64.Build.0 = Release|Any CPU
		{9D6D1ABC-EA2F-4EBC-B807-09F57EF9EF1E}.Release|x86.ActiveCfg = Release|Any CPU
		{9D6D1ABC-EA2F-4EBC-B807-09F57EF9EF1E}.Release|x86.Build.0 = Release|Any CPU
		{D307931E-D019-4536-A126-9C3E29E1F845}.Debug|Any CPU.ActiveCfg = Debug|Any CPU
		{D307931E-D019-4536-A126-9C3E29E1F845}.Debug|Any CPU.Build.0 = Debug|Any CPU
		{D307931E-D019-4536-A126-9C3E29E1F845}.Debug|x64.ActiveCfg = Debug|Any CPU
		{D307931E-D019-4536-A126-9C3E29E1F845}.Debug|x64.Build.0 = Debug|Any CPU
		{D307931E-D019-4536-A126-9C3E29E1F845}.Debug|x86.ActiveCfg = Debug|Any CPU
		{D307931E-D019-4536-A126-9C3E29E1F845}.Debug|x86.Build.0 = Debug|Any CPU
		{D307931E-D019-4536-A126-9C3E29E1F845}.Release|Any CPU.ActiveCfg = Release|Any CPU
		{D307931E-D019-4536-A126-9C3E29E1F845}.Release|Any CPU.Build.0 = Release|Any CPU
		{D307931E-D019-4536-A126-9C3E29E1F845}.Release|x64.ActiveCfg = Release|Any CPU
		{D307931E-D019-4536-A126-9C3E29E1F845}.Release|x64.Build.0 = Release|Any CPU
		{D307931E-D019-4536-A126-9C3E29E1F845}.Release|x86.ActiveCfg = Release|Any CPU
		{D307931E-D019-4536-A126-9C3E29E1F845}.Release|x86.Build.0 = Release|Any CPU
	EndGlobalSection
	GlobalSection(NestedProjects) = preSolution
		{BAE9A2AE-F085-40EE-9385-8E443CB973F2} = {2A0E11FC-58CA-4393-99AC-9058E00B06BB}
		{CF2709DE-7D8C-450F-80DB-345C2FD83DF8} = {2A0E11FC-58CA-4393-99AC-9058E00B06BB}
		{3D02F832-EFAC-489A-BBAC-33D49FE786B6} = {ABDEEFF1-B45D-4B30-A96F-3A6D4E692FFD}
		{976A6EFC-150B-4E81-812C-10343C1091D6} = {ABDEEFF1-B45D-4B30-A96F-3A6D4E692FFD}
		{9D6D1ABC-EA2F-4EBC-B807-09F57EF9EF1E} = {E849EB5C-AC61-49B3-B566-663B8FC55FC3}
		{D307931E-D019-4536-A126-9C3E29E1F845} = {E849EB5C-AC61-49B3-B566-663B8FC55FC3}
	EndGlobalSection
EndGlobal
